
Microsoft Visual Studio Solution File, Format Version 12.00
# Visual Studio Version 17
VisualStudioVersion = 17.8.34601.278
MinimumVisualStudioVersion = 10.0.40219.1
Project("{9A19103F-16F7-4668-BE54-9A1E7A4F7556}") = "Application", "Application\Application.csproj", "{8F42A8C9-32F2-4187-B383-5F952999B13B}"
EndProject
Project("{9A19103F-16F7-4668-BE54-9A1E7A4F7556}") = "EntityFrameworkCore", "EntityFrameworkCore\EntityFrameworkCore.csproj", "{45E6DA74-D287-4F5C-A60E-790145ED53A1}"
EndProject
Project("{9A19103F-16F7-4668-BE54-9A1E7A4F7556}") = "WebCore", "WebCore\WebCore.csproj", "{C7A00B69-072C-4F96-A409-8815821936E1}"
EndProject
Project("{9A19103F-16F7-4668-BE54-9A1E7A4F7556}") = "WebHost", "WebHost\WebHost.csproj", "{7374C428-6801-4888-98DB-66B99DFB38CC}"
EndProject
Project("{FAE04EC0-301F-11D3-BF4B-00C04F79EFBC}") = "Core", "Core\Core.csproj", "{429AD37C-C80A-4ADB-9C2E-F40035A3892B}"
EndProject
Global
	GlobalSection(SolutionConfigurationPlatforms) = preSolution
		Debug|Any CPU = Debug|Any CPU
		Release|Any CPU = Release|Any CPU
	EndGlobalSection
	GlobalSection(ProjectConfigurationPlatforms) = postSolution
		{8F42A8C9-32F2-4187-B383-5F952999B13B}.Debug|Any CPU.ActiveCfg = Debug|Any CPU
		{8F42A8C9-32F2-4187-B383-5F952999B13B}.Debug|Any CPU.Build.0 = Debug|Any CPU
		{8F42A8C9-32F2-4187-B383-5F952999B13B}.Release|Any CPU.ActiveCfg = Release|Any CPU
		{8F42A8C9-32F2-4187-B383-5F952999B13B}.Release|Any CPU.Build.0 = Release|Any CPU
		{45E6DA74-D287-4F5C-A60E-790145ED53A1}.Debug|Any CPU.ActiveCfg = Debug|Any CPU
		{45E6DA74-D287-4F5C-A60E-790145ED53A1}.Debug|Any CPU.Build.0 = Debug|Any CPU
		{45E6DA74-D287-4F5C-A60E-790145ED53A1}.Release|Any CPU.ActiveCfg = Release|Any CPU
		{45E6DA74-D287-4F5C-A60E-790145ED53A1}.Release|Any CPU.Build.0 = Release|Any CPU
		{C7A00B69-072C-4F96-A409-8815821936E1}.Debug|Any CPU.ActiveCfg = Debug|Any CPU
		{C7A00B69-072C-4F96-A409-8815821936E1}.Debug|Any CPU.Build.0 = Debug|Any CPU
		{C7A00B69-072C-4F96-A409-8815821936E1}.Release|Any CPU.ActiveCfg = Release|Any CPU
		{C7A00B69-072C-4F96-A409-8815821936E1}.Release|Any CPU.Build.0 = Release|Any CPU
		{7374C428-6801-4888-98DB-66B99DFB38CC}.Debug|Any CPU.ActiveCfg = Debug|Any CPU
		{7374C428-6801-4888-98DB-66B99DFB38CC}.Debug|Any CPU.Build.0 = Debug|Any CPU
		{7374C428-6801-4888-98DB-66B99DFB38CC}.Release|Any CPU.ActiveCfg = Release|Any CPU
		{7374C428-6801-4888-98DB-66B99DFB38CC}.Release|Any CPU.Build.0 = Release|Any CPU
		{429AD37C-C80A-4ADB-9C2E-F40035A3892B}.Debug|Any CPU.ActiveCfg = Debug|Any CPU
		{429AD37C-C80A-4ADB-9C2E-F40035A3892B}.Debug|Any CPU.Build.0 = Debug|Any CPU
		{429AD37C-C80A-4ADB-9C2E-F40035A3892B}.Release|Any CPU.ActiveCfg = Release|Any CPU
		{429AD37C-C80A-4ADB-9C2E-F40035A3892B}.Release|Any CPU.Build.0 = Release|Any CPU
	EndGlobalSection
	GlobalSection(SolutionProperties) = preSolution
		HideSolutionNode = FALSE
	EndGlobalSection
	GlobalSection(ExtensibilityGlobals) = postSolution
		SolutionGuid = {DBF5290B-62BB-43E6-95CD-48B11893445E}
	EndGlobalSection
EndGlobal
