
Microsoft Visual Studio Solution File, Format Version 12.00
# Visual Studio Version 17
VisualStudioVersion = 17.8.34601.278
MinimumVisualStudioVersion = 10.0.40219.1
Project("{9A19103F-16F7-4668-BE54-9A1E7A4F7556}") = "FlyFramework.Application", "FlyFramework.Application\FlyFramework.Application.csproj", "{2073A8EF-CE3C-4853-B016-A38C2FEC8237}"
EndProject
Project("{9A19103F-16F7-4668-BE54-9A1E7A4F7556}") = "FlyFramework.Core", "FlyFramework.Core\FlyFramework.Core.csproj", "{AFFFE06F-0841-4C81-A704-E7288A2F23E6}"
EndProject
Project("{9A19103F-16F7-4668-BE54-9A1E7A4F7556}") = "FlyFramework.EntityFrameworkCore", "FlyFramework.EntityFrameworkCore\FlyFramework.EntityFrameworkCore.csproj", "{4E226707-1D9E-4D4F-9C85-C89E2EEEC911}"
EndProject
Project("{9A19103F-16F7-4668-BE54-9A1E7A4F7556}") = "FlyFramework.WebCore", "FlyFramework.WebCore\FlyFramework.WebCore.csproj", "{5AED8460-019E-4588-BF12-3E3302CC547B}"
EndProject
Project("{9A19103F-16F7-4668-BE54-9A1E7A4F7556}") = "FlyFramework.WebHost", "FlyFramework.WebHost\FlyFramework.WebHost.csproj", "{39EE8408-BF3D-4521-9847-EE2CEDFFA8C9}"
EndProject
Global
	GlobalSection(SolutionConfigurationPlatforms) = preSolution
		Debug|Any CPU = Debug|Any CPU
		Release|Any CPU = Release|Any CPU
	EndGlobalSection
	GlobalSection(ProjectConfigurationPlatforms) = postSolution
		{2073A8EF-CE3C-4853-B016-A38C2FEC8237}.Debug|Any CPU.ActiveCfg = Debug|Any CPU
		{2073A8EF-CE3C-4853-B016-A38C2FEC8237}.Debug|Any CPU.Build.0 = Debug|Any CPU
		{2073A8EF-CE3C-4853-B016-A38C2FEC8237}.Release|Any CPU.ActiveCfg = Release|Any CPU
		{2073A8EF-CE3C-4853-B016-A38C2FEC8237}.Release|Any CPU.Build.0 = Release|Any CPU
		{AFFFE06F-0841-4C81-A704-E7288A2F23E6}.Debug|Any CPU.ActiveCfg = Debug|Any CPU
		{AFFFE06F-0841-4C81-A704-E7288A2F23E6}.Debug|Any CPU.Build.0 = Debug|Any CPU
		{AFFFE06F-0841-4C81-A704-E7288A2F23E6}.Release|Any CPU.ActiveCfg = Release|Any CPU
		{AFFFE06F-0841-4C81-A704-E7288A2F23E6}.Release|Any CPU.Build.0 = Release|Any CPU
		{4E226707-1D9E-4D4F-9C85-C89E2EEEC911}.Debug|Any CPU.ActiveCfg = Debug|Any CPU
		{4E226707-1D9E-4D4F-9C85-C89E2EEEC911}.Debug|Any CPU.Build.0 = Debug|Any CPU
		{4E226707-1D9E-4D4F-9C85-C89E2EEEC911}.Release|Any CPU.ActiveCfg = Release|Any CPU
		{4E226707-1D9E-4D4F-9C85-C89E2EEEC911}.Release|Any CPU.Build.0 = Release|Any CPU
		{5AED8460-019E-4588-BF12-3E3302CC547B}.Debug|Any CPU.ActiveCfg = Debug|Any CPU
		{5AED8460-019E-4588-BF12-3E3302CC547B}.Debug|Any CPU.Build.0 = Debug|Any CPU
		{5AED8460-019E-4588-BF12-3E3302CC547B}.Release|Any CPU.ActiveCfg = Release|Any CPU
		{5AED8460-019E-4588-BF12-3E3302CC547B}.Release|Any CPU.Build.0 = Release|Any CPU
		{39EE8408-BF3D-4521-9847-EE2CEDFFA8C9}.Debug|Any CPU.ActiveCfg = Debug|Any CPU
		{39EE8408-BF3D-4521-9847-EE2CEDFFA8C9}.Debug|Any CPU.Build.0 = Debug|Any CPU
		{39EE8408-BF3D-4521-9847-EE2CEDFFA8C9}.Release|Any CPU.ActiveCfg = Release|Any CPU
		{39EE8408-BF3D-4521-9847-EE2CEDFFA8C9}.Release|Any CPU.Build.0 = Release|Any CPU
	EndGlobalSection
	GlobalSection(SolutionProperties) = preSolution
		HideSolutionNode = FALSE
	EndGlobalSection
	GlobalSection(ExtensibilityGlobals) = postSolution
		SolutionGuid = {DBF5290B-62BB-43E6-95CD-48B11893445E}
	EndGlobalSection
EndGlobal
